
Microsoft Visual Studio Solution File, Format Version 12.00
# Visual Studio Version 17
VisualStudioVersion = 17.13.35818.85 d17.13
MinimumVisualStudioVersion = 10.0.40219.1
Project("{FAE04EC0-301F-11D3-BF4B-00C04F79EFBC}") = "Vehicle Maintenance App", "Vehicle Maintenance App.csproj", "{BF1A8D59-3600-4C37-85B7-778F1B903D9A}"
EndProject
Global
	GlobalSection(SolutionConfigurationPlatforms) = preSolution
		Debug|Any CPU = Debug|Any CPU
		Release|Any CPU = Release|Any CPU
	EndGlobalSection
	GlobalSection(ProjectConfigurationPlatforms) = postSolution
		{BF1A8D59-3600-4C37-85B7-778F1B903D9A}.Debug|Any CPU.ActiveCfg = Debug|Any CPU
		{BF1A8D59-3600-4C37-85B7-778F1B903D9A}.Debug|Any CPU.Build.0 = Debug|Any CPU
		{BF1A8D59-3600-4C37-85B7-778F1B903D9A}.Release|Any CPU.ActiveCfg = Release|Any CPU
		{BF1A8D59-3600-4C37-85B7-778F1B903D9A}.Release|Any CPU.Build.0 = Release|Any CPU
	EndGlobalSection
	GlobalSection(SolutionProperties) = preSolution
		HideSolutionNode = FALSE
	EndGlobalSection
	GlobalSection(ExtensibilityGlobals) = postSolution
		SolutionGuid = {3959FD2A-77EB-4CB4-959D-CA2904967017}
	EndGlobalSection
EndGlobal
